
Microsoft Visual Studio Solution File, Format Version 12.00
# Visual Studio Version 17
VisualStudioVersion = 17.5.33424.131
MinimumVisualStudioVersion = 10.0.40219.1
Project("{FAE04EC0-301F-11D3-BF4B-00C04F79EFBC}") = "MonkeyIsland_Inselsicht_Strand_zur_Kneipe", "MonkeyIsland_Inselsicht_Strand_zur_Kneipe\MonkeyIsland_Inselsicht_Strand_zur_Kneipe.csproj", "{6217D293-2D7C-4698-80DA-B2CFB1330DDC}"
EndProject
Global
	GlobalSection(SolutionConfigurationPlatforms) = preSolution
		Debug|Any CPU = Debug|Any CPU
		Release|Any CPU = Release|Any CPU
	EndGlobalSection
	GlobalSection(ProjectConfigurationPlatforms) = postSolution
		{6217D293-2D7C-4698-80DA-B2CFB1330DDC}.Debug|Any CPU.ActiveCfg = Debug|Any CPU
		{6217D293-2D7C-4698-80DA-B2CFB1330DDC}.Debug|Any CPU.Build.0 = Debug|Any CPU
		{6217D293-2D7C-4698-80DA-B2CFB1330DDC}.Release|Any CPU.ActiveCfg = Release|Any CPU
		{6217D293-2D7C-4698-80DA-B2CFB1330DDC}.Release|Any CPU.Build.0 = Release|Any CPU
	EndGlobalSection
	GlobalSection(SolutionProperties) = preSolution
		HideSolutionNode = FALSE
	EndGlobalSection
	GlobalSection(ExtensibilityGlobals) = postSolution
		SolutionGuid = {C69300BF-EB89-4C42-8BEA-D811A63C572B}
	EndGlobalSection
EndGlobal
